// !$*UTF8*$!
{
	archiveVersion = 1;
	classes = {
	};
	objectVersion = 46;
	objects = {

/* Begin PBXBuildFile section */
		DC78E2CC1A8D5FB00081F1A2 /* AppDelegate.swift in Sources */ = {isa = PBXBuildFile; fileRef = DC78E2CB1A8D5FB00081F1A2 /* AppDelegate.swift */; };
		DC78E2CE1A8D5FB00081F1A2 /* ViewController.swift in Sources */ = {isa = PBXBuildFile; fileRef = DC78E2CD1A8D5FB00081F1A2 /* ViewController.swift */; };
		DC78E2D11A8D5FB00081F1A2 /* Main.storyboard in Resources */ = {isa = PBXBuildFile; fileRef = DC78E2CF1A8D5FB00081F1A2 /* Main.storyboard */; };
		DC78E2D31A8D5FB00081F1A2 /* Images.xcassets in Resources */ = {isa = PBXBuildFile; fileRef = DC78E2D21A8D5FB00081F1A2 /* Images.xcassets */; };
		DC78E2D61A8D5FB00081F1A2 /* LaunchScreen.xib in Resources */ = {isa = PBXBuildFile; fileRef = DC78E2D41A8D5FB00081F1A2 /* LaunchScreen.xib */; };
		DC78E2E21A8D5FB00081F1A2 /* Pitch_PerfectTests.swift in Sources */ = {isa = PBXBuildFile; fileRef = DC78E2E11A8D5FB00081F1A2 /* Pitch_PerfectTests.swift */; };
		DCF236981A8E8DFF00F5CFFC /* PlaySoundsViewController.swift in Sources */ = {isa = PBXBuildFile; fileRef = DCF236971A8E8DFF00F5CFFC /* PlaySoundsViewController.swift */; };
		DCF2369C1A8F7B8B00F5CFFC /* movie_quote.mp3 in Resources */ = {isa = PBXBuildFile; fileRef = DCF2369B1A8F7B8B00F5CFFC /* movie_quote.mp3 */; };
/* End PBXBuildFile section */

/* Begin PBXContainerItemProxy section */
		DC78E2DC1A8D5FB00081F1A2 /* PBXContainerItemProxy */ = {
			isa = PBXContainerItemProxy;
			containerPortal = DC78E2BE1A8D5FB00081F1A2 /* Project object */;
			proxyType = 1;
			remoteGlobalIDString = DC78E2C51A8D5FB00081F1A2;
			remoteInfo = "Pitch Perfect";
		};
/* End PBXContainerItemProxy section */

/* Begin PBXFileReference section */
		DC78E2C61A8D5FB00081F1A2 /* Pitch Perfect.app */ = {isa = PBXFileReference; explicitFileType = wrapper.application; includeInIndex = 0; path = "Pitch Perfect.app"; sourceTree = BUILT_PRODUCTS_DIR; };
		DC78E2CA1A8D5FB00081F1A2 /* Info.plist */ = {isa = PBXFileReference; lastKnownFileType = text.plist.xml; path = Info.plist; sourceTree = "<group>"; };
		DC78E2CB1A8D5FB00081F1A2 /* AppDelegate.swift */ = {isa = PBXFileReference; lastKnownFileType = sourcecode.swift; path = AppDelegate.swift; sourceTree = "<group>"; };
		DC78E2CD1A8D5FB00081F1A2 /* ViewController.swift */ = {isa = PBXFileReference; lastKnownFileType = sourcecode.swift; path = ViewController.swift; sourceTree = "<group>"; };
		DC78E2D01A8D5FB00081F1A2 /* Base */ = {isa = PBXFileReference; lastKnownFileType = file.storyboard; name = Base; path = Base.lproj/Main.storyboard; sourceTree = "<group>"; };
		DC78E2D21A8D5FB00081F1A2 /* Images.xcassets */ = {isa = PBXFileReference; lastKnownFileType = folder.assetcatalog; path = Images.xcassets; sourceTree = "<group>"; };
		DC78E2D51A8D5FB00081F1A2 /* Base */ = {isa = PBXFileReference; lastKnownFileType = file.xib; name = Base; path = Base.lproj/LaunchScreen.xib; sourceTree = "<group>"; };
		DC78E2DB1A8D5FB00081F1A2 /* Pitch PerfectTests.xctest */ = {isa = PBXFileReference; explicitFileType = wrapper.cfbundle; includeInIndex = 0; path = "Pitch PerfectTests.xctest"; sourceTree = BUILT_PRODUCTS_DIR; };
		DC78E2E01A8D5FB00081F1A2 /* Info.plist */ = {isa = PBXFileReference; lastKnownFileType = text.plist.xml; path = Info.plist; sourceTree = "<group>"; };
		DC78E2E11A8D5FB00081F1A2 /* Pitch_PerfectTests.swift */ = {isa = PBXFileReference; lastKnownFileType = sourcecode.swift; path = Pitch_PerfectTests.swift; sourceTree = "<group>"; };
		DCF236971A8E8DFF00F5CFFC /* PlaySoundsViewController.swift */ = {isa = PBXFileReference; fileEncoding = 4; lastKnownFileType = sourcecode.swift; path = PlaySoundsViewController.swift; sourceTree = "<group>"; };
		DCF2369B1A8F7B8B00F5CFFC /* movie_quote.mp3 */ = {isa = PBXFileReference; lastKnownFileType = audio.mp3; name = movie_quote.mp3; path = ../movie_quote.mp3; sourceTree = "<group>"; };
/* End PBXFileReference section */

/* Begin PBXFrameworksBuildPhase section */
		DC78E2C31A8D5FB00081F1A2 /* Frameworks */ = {
			isa = PBXFrameworksBuildPhase;
			buildActionMask = 2147483647;
			files = (
			);
			runOnlyForDeploymentPostprocessing = 0;
		};
		DC78E2D81A8D5FB00081F1A2 /* Frameworks */ = {
			isa = PBXFrameworksBuildPhase;
			buildActionMask = 2147483647;
			files = (
			);
			runOnlyForDeploymentPostprocessing = 0;
		};
/* End PBXFrameworksBuildPhase section */

/* Begin PBXGroup section */
		DC78E2BD1A8D5FB00081F1A2 = {
			isa = PBXGroup;
			children = (
				DC78E2C81A8D5FB00081F1A2 /* Pitch Perfect */,
				DC78E2DE1A8D5FB00081F1A2 /* Pitch PerfectTests */,
				DC78E2C71A8D5FB00081F1A2 /* Products */,
			);
			sourceTree = "<group>";
		};
		DC78E2C71A8D5FB00081F1A2 /* Products */ = {
			isa = PBXGroup;
			children = (
				DC78E2C61A8D5FB00081F1A2 /* Pitch Perfect.app */,
				DC78E2DB1A8D5FB00081F1A2 /* Pitch PerfectTests.xctest */,
			);
			name = Products;
			sourceTree = "<group>";
		};
		DC78E2C81A8D5FB00081F1A2 /* Pitch Perfect */ = {
			isa = PBXGroup;
			children = (
				DC78E2CB1A8D5FB00081F1A2 /* AppDelegate.swift */,
				DC78E2CD1A8D5FB00081F1A2 /* ViewController.swift */,
				DCF236971A8E8DFF00F5CFFC /* PlaySoundsViewController.swift */,
				DC78E2CF1A8D5FB00081F1A2 /* Main.storyboard */,
				DC78E2D21A8D5FB00081F1A2 /* Images.xcassets */,
				DC78E2D41A8D5FB00081F1A2 /* LaunchScreen.xib */,
				DC78E2C91A8D5FB00081F1A2 /* Supporting Files */,
			);
			path = "Pitch Perfect";
			sourceTree = "<group>";
		};
		DC78E2C91A8D5FB00081F1A2 /* Supporting Files */ = {
			isa = PBXGroup;
			children = (
				DCF2369B1A8F7B8B00F5CFFC /* movie_quote.mp3 */,
				DC78E2CA1A8D5FB00081F1A2 /* Info.plist */,
			);
			name = "Supporting Files";
			sourceTree = "<group>";
		};
		DC78E2DE1A8D5FB00081F1A2 /* Pitch PerfectTests */ = {
			isa = PBXGroup;
			children = (
				DC78E2E11A8D5FB00081F1A2 /* Pitch_PerfectTests.swift */,
				DC78E2DF1A8D5FB00081F1A2 /* Supporting Files */,
			);
			path = "Pitch PerfectTests";
			sourceTree = "<group>";
		};
		DC78E2DF1A8D5FB00081F1A2 /* Supporting Files */ = {
			isa = PBXGroup;
			children = (
				DC78E2E01A8D5FB00081F1A2 /* Info.plist */,
			);
			name = "Supporting Files";
			sourceTree = "<group>";
		};
/* End PBXGroup section */

/* Begin PBXNativeTarget section */
		DC78E2C51A8D5FB00081F1A2 /* Pitch Perfect */ = {
			isa = PBXNativeTarget;
			buildConfigurationList = DC78E2E51A8D5FB00081F1A2 /* Build configuration list for PBXNativeTarget "Pitch Perfect" */;
			buildPhases = (
				DC78E2C21A8D5FB00081F1A2 /* Sources */,
				DC78E2C31A8D5FB00081F1A2 /* Frameworks */,
				DC78E2C41A8D5FB00081F1A2 /* Resources */,
			);
			buildRules = (
			);
			dependencies = (
			);
			name = "Pitch Perfect";
			productName = "Pitch Perfect";
			productReference = DC78E2C61A8D5FB00081F1A2 /* Pitch Perfect.app */;
			productType = "com.apple.product-type.application";
		};
		DC78E2DA1A8D5FB00081F1A2 /* Pitch PerfectTests */ = {
			isa = PBXNativeTarget;
			buildConfigurationList = DC78E2E81A8D5FB00081F1A2 /* Build configuration list for PBXNativeTarget "Pitch PerfectTests" */;
			buildPhases = (
				DC78E2D71A8D5FB00081F1A2 /* Sources */,
				DC78E2D81A8D5FB00081F1A2 /* Frameworks */,
				DC78E2D91A8D5FB00081F1A2 /* Resources */,
			);
			buildRules = (
			);
			dependencies = (
				DC78E2DD1A8D5FB00081F1A2 /* PBXTargetDependency */,
			);
			name = "Pitch PerfectTests";
			productName = "Pitch PerfectTests";
			productReference = DC78E2DB1A8D5FB00081F1A2 /* Pitch PerfectTests.xctest */;
			productType = "com.apple.product-type.bundle.unit-test";
		};
/* End PBXNativeTarget section */

/* Begin PBXProject section */
		DC78E2BE1A8D5FB00081F1A2 /* Project object */ = {
			isa = PBXProject;
			attributes = {
				LastUpgradeCheck = 0610;
				ORGANIZATIONNAME = AWLKA;
				TargetAttributes = {
					DC78E2C51A8D5FB00081F1A2 = {
						CreatedOnToolsVersion = 6.1.1;
					};
					DC78E2DA1A8D5FB00081F1A2 = {
						CreatedOnToolsVersion = 6.1.1;
						TestTargetID = DC78E2C51A8D5FB00081F1A2;
					};
				};
			};
			buildConfigurationList = DC78E2C11A8D5FB00081F1A2 /* Build configuration list for PBXProject "Pitch Perfect" */;
			compatibilityVersion = "Xcode 3.2";
			developmentRegion = English;
			hasScannedForEncodings = 0;
			knownRegions = (
				en,
				Base,
			);
			mainGroup = DC78E2BD1A8D5FB00081F1A2;
			productRefGroup = DC78E2C71A8D5FB00081F1A2 /* Products */;
			projectDirPath = "";
			projectRoot = "";
			targets = (
				DC78E2C51A8D5FB00081F1A2 /* Pitch Perfect */,
				DC78E2DA1A8D5FB00081F1A2 /* Pitch PerfectTests */,
			);
		};
/* End PBXProject section */

/* Begin PBXResourcesBuildPhase section */
		DC78E2C41A8D5FB00081F1A2 /* Resources */ = {
			isa = PBXResourcesBuildPhase;
			buildActionMask = 2147483647;
			files = (
				DC78E2D11A8D5FB00081F1A2 /* Main.storyboard in Resources */,
				DC78E2D61A8D5FB00081F1A2 /* LaunchScreen.xib in Resources */,
				DCF2369C1A8F7B8B00F5CFFC /* movie_quote.mp3 in Resources */,
				DC78E2D31A8D5FB00081F1A2 /* Images.xcassets in Resources */,
			);
			runOnlyForDeploymentPostprocessing = 0;
		};
		DC78E2D91A8D5FB00081F1A2 /* Resources */ = {
			isa = PBXResourcesBuildPhase;
			buildActionMask = 2147483647;
			files = (
			);
			runOnlyForDeploymentPostprocessing = 0;
		};
/* End PBXResourcesBuildPhase section */

/* Begin PBXSourcesBuildPhase section */
		DC78E2C21A8D5FB00081F1A2 /* Sources */ = {
			isa = PBXSourcesBuildPhase;
			buildActionMask = 2147483647;
			files = (
				DC78E2CE1A8D5FB00081F1A2 /* ViewController.swift in Sources */,
				DCF236981A8E8DFF00F5CFFC /* PlaySoundsViewController.swift in Sources */,
				DC78E2CC1A8D5FB00081F1A2 /* AppDelegate.swift in Sources */,
			);
			runOnlyForDeploymentPostprocessing = 0;
		};
		DC78E2D71A8D5FB00081F1A2 /* Sources */ = {
			isa = PBXSourcesBuildPhase;
			buildActionMask = 2147483647;
			files = (
				DC78E2E21A8D5FB00081F1A2 /* Pitch_PerfectTests.swift in Sources */,
			);
			runOnlyForDeploymentPostprocessing = 0;
		};
/* End PBXSourcesBuildPhase section */

/* Begin PBXTargetDependency section */
		DC78E2DD1A8D5FB00081F1A2 /* PBXTargetDependency */ = {
			isa = PBXTargetDependency;
			target = DC78E2C51A8D5FB00081F1A2 /* Pitch Perfect */;
			targetProxy = DC78E2DC1A8D5FB00081F1A2 /* PBXContainerItemProxy */;
		};
/* End PBXTargetDependency section */

/* Begin PBXVariantGroup section */
		DC78E2CF1A8D5FB00081F1A2 /* Main.storyboard */ = {
			isa = PBXVariantGroup;
			children = (
				DC78E2D01A8D5FB00081F1A2 /* Base */,
			);
			name = Main.storyboard;
			sourceTree = "<group>";
		};
		DC78E2D41A8D5FB00081F1A2 /* LaunchScreen.xib */ = {
			isa = PBXVariantGroup;
			children = (
				DC78E2D51A8D5FB00081F1A2 /* Base */,
			);
			name = LaunchScreen.xib;
			sourceTree = "<group>";
		};
/* End PBXVariantGroup section */

/* Begin XCBuildConfiguration section */
		DC78E2E31A8D5FB00081F1A2 /* Debug */ = {
			isa = XCBuildConfiguration;
			buildSettings = {
				ALWAYS_SEARCH_USER_PATHS = NO;
				CLANG_CXX_LANGUAGE_STANDARD = "gnu++0x";
				CLANG_CXX_LIBRARY = "libc++";
				CLANG_ENABLE_MODULES = YES;
				CLANG_ENABLE_OBJC_ARC = YES;
				CLANG_WARN_BOOL_CONVERSION = YES;
				CLANG_WARN_CONSTANT_CONVERSION = YES;
				CLANG_WARN_DIRECT_OBJC_ISA_USAGE = YES_ERROR;
				CLANG_WARN_EMPTY_BODY = YES;
				CLANG_WARN_ENUM_CONVERSION = YES;
				CLANG_WARN_INT_CONVERSION = YES;
				CLANG_WARN_OBJC_ROOT_CLASS = YES_ERROR;
				CLANG_WARN_UNREACHABLE_CODE = YES;
				CLANG_WARN__DUPLICATE_METHOD_MATCH = YES;
				"CODE_SIGN_IDENTITY[sdk=iphoneos*]" = "iPhone Developer";
				COPY_PHASE_STRIP = NO;
				ENABLE_STRICT_OBJC_MSGSEND = YES;
				GCC_C_LANGUAGE_STANDARD = gnu99;
				GCC_DYNAMIC_NO_PIC = NO;
				GCC_OPTIMIZATION_LEVEL = 0;
				GCC_PREPROCESSOR_DEFINITIONS = (
					"DEBUG=1",
					"$(inherited)",
				);
				GCC_SYMBOLS_PRIVATE_EXTERN = NO;
				GCC_WARN_64_TO_32_BIT_CONVERSION = YES;
				GCC_WARN_ABOUT_RETURN_TYPE = YES_ERROR;
				GCC_WARN_UNDECLARED_SELECTOR = YES;
				GCC_WARN_UNINITIALIZED_AUTOS = YES_AGGRESSIVE;
				GCC_WARN_UNUSED_FUNCTION = YES;
				GCC_WARN_UNUSED_VARIABLE = YES;
				IPHONEOS_DEPLOYMENT_TARGET = 8.1;
				MTL_ENABLE_DEBUG_INFO = YES;
				ONLY_ACTIVE_ARCH = YES;
				SDKROOT = iphoneos;
				SWIFT_OPTIMIZATION_LEVEL = "-Onone";
			};
			name = Debug;
		};
		DC78E2E41A8D5FB00081F1A2 /* Release */ = {
			isa = XCBuildConfiguration;
			buildSettings = {
				ALWAYS_SEARCH_USER_PATHS = NO;
				CLANG_CXX_LANGUAGE_STANDARD = "gnu++0x";
				CLANG_CXX_LIBRARY = "libc++";
				CLANG_ENABLE_MODULES = YES;
				CLANG_ENABLE_OBJC_ARC = YES;
				CLANG_WARN_BOOL_CONVERSION = YES;
				CLANG_WARN_CONSTANT_CONVERSION = YES;
				CLANG_WARN_DIRECT_OBJC_ISA_USAGE = YES_ERROR;
				CLANG_WARN_EMPTY_BODY = YES;
				CLANG_WARN_ENUM_CONVERSION = YES;
				CLANG_WARN_INT_CONVERSION = YES;
				CLANG_WARN_OBJC_ROOT_CLASS = YES_ERROR;
				CLANG_WARN_UNREACHABLE_CODE = YES;
				CLANG_WARN__DUPLICATE_METHOD_MATCH = YES;
				"CODE_SIGN_IDENTITY[sdk=iphoneos*]" = "iPhone Developer";
				COPY_PHASE_STRIP = YES;
				ENABLE_NS_ASSERTIONS = NO;
				ENABLE_STRICT_OBJC_MSGSEND = YES;
				GCC_C_LANGUAGE_STANDARD = gnu99;
				GCC_WARN_64_TO_32_BIT_CONVERSION = YES;
				GCC_WARN_ABOUT_RETURN_TYPE = YES_ERROR;
				GCC_WARN_UNDECLARED_SELECTOR = YES;
				GCC_WARN_UNINITIALIZED_AUTOS = YES_AGGRESSIVE;
				GCC_WARN_UNUSED_FUNCTION = YES;
				GCC_WARN_UNUSED_VARIABLE = YES;
				IPHONEOS_DEPLOYMENT_TARGET = 8.1;
				MTL_ENABLE_DEBUG_INFO = NO;
				SDKROOT = iphoneos;
				VALIDATE_PRODUCT = YES;
			};
			name = Release;
		};
		DC78E2E61A8D5FB00081F1A2 /* Debug */ = {
			isa = XCBuildConfiguration;
			buildSettings = {
				ASSETCATALOG_COMPILER_APPICON_NAME = AppIcon;
				INFOPLIST_FILE = "Pitch Perfect/Info.plist";
				LD_RUNPATH_SEARCH_PATHS = "$(inherited) @executable_path/Frameworks";
				PRODUCT_NAME = "$(TARGET_NAME)";
			};
			name = Debug;
		};
		DC78E2E71A8D5FB00081F1A2 /* Release */ = {
			isa = XCBuildConfiguration;
			buildSettings = {
				ASSETCATALOG_COMPILER_APPICON_NAME = AppIcon;
				INFOPLIST_FILE = "Pitch Perfect/Info.plist";
				LD_RUNPATH_SEARCH_PATHS = "$(inherited) @executable_path/Frameworks";
				PRODUCT_NAME = "$(TARGET_NAME)";
			};
			name = Release;
		};
		DC78E2E91A8D5FB00081F1A2 /* Debug */ = {
			isa = XCBuildConfiguration;
			buildSettings = {
				BUNDLE_LOADER = "$(TEST_HOST)";
				FRAMEWORK_SEARCH_PATHS = (
					"$(SDKROOT)/Developer/Library/Frameworks",
					"$(inherited)",
				);
				GCC_PREPROCESSOR_DEFINITIONS = (
					"DEBUG=1",
					"$(inherited)",
				);
				INFOPLIST_FILE = "Pitch PerfectTests/Info.plist";
				LD_RUNPATH_SEARCH_PATHS = "$(inherited) @executable_path/Frameworks @loader_path/Frameworks";
				PRODUCT_NAME = "$(TARGET_NAME)";
				TEST_HOST = "$(BUILT_PRODUCTS_DIR)/Pitch Perfect.app/Pitch Perfect";
			};
			name = Debug;
		};
		DC78E2EA1A8D5FB00081F1A2 /* Release */ = {
			isa = XCBuildConfiguration;
			buildSettings = {
				BUNDLE_LOADER = "$(TEST_HOST)";
				FRAMEWORK_SEARCH_PATHS = (
					"$(SDKROOT)/Developer/Library/Frameworks",
					"$(inherited)",
				);
				INFOPLIST_FILE = "Pitch PerfectTests/Info.plist";
				LD_RUNPATH_SEARCH_PATHS = "$(inherited) @executable_path/Frameworks @loader_path/Frameworks";
				PRODUCT_NAME = "$(TARGET_NAME)";
				TEST_HOST = "$(BUILT_PRODUCTS_DIR)/Pitch Perfect.app/Pitch Perfect";
			};
			name = Release;
		};
/* End XCBuildConfiguration section */

/* Begin XCConfigurationList section */
		DC78E2C11A8D5FB00081F1A2 /* Build configuration list for PBXProject "Pitch Perfect" */ = {
			isa = XCConfigurationList;
			buildConfigurations = (
				DC78E2E31A8D5FB00081F1A2 /* Debug */,
				DC78E2E41A8D5FB00081F1A2 /* Release */,
			);
			defaultConfigurationIsVisible = 0;
			defaultConfigurationName = Release;
		};
		DC78E2E51A8D5FB00081F1A2 /* Build configuration list for PBXNativeTarget "Pitch Perfect" */ = {
			isa = XCConfigurationList;
			buildConfigurations = (
				DC78E2E61A8D5FB00081F1A2 /* Debug */,
				DC78E2E71A8D5FB00081F1A2 /* Release */,
			);
			defaultConfigurationIsVisible = 0;
			defaultConfigurationName = Release;
		};
		DC78E2E81A8D5FB00081F1A2 /* Build configuration list for PBXNativeTarget "Pitch PerfectTests" */ = {
			isa = XCConfigurationList;
			buildConfigurations = (
				DC78E2E91A8D5FB00081F1A2 /* Debug */,
				DC78E2EA1A8D5FB00081F1A2 /* Release */,
			);
			defaultConfigurationIsVisible = 0;
			defaultConfigurationName = Release;
		};
/* End XCConfigurationList section */
	};
	rootObject = DC78E2BE1A8D5FB00081F1A2 /* Project object */;
}
